
Microsoft Visual Studio Solution File, Format Version 12.00
# Visual Studio 2013
VisualStudioVersion = 12.0.31101.0
MinimumVisualStudioVersion = 10.0.40219.1
Project("{2150E333-8FDC-42A3-9474-1A3956D46DE8}") = "Lib", "Lib", "{DD9FEB83-A320-471C-88BE-72A00AC90D92}"
	ProjectSection(SolutionItems) = preProject
		Lib\Microsoft.Crm.Sdk.Proxy.dll = Lib\Microsoft.Crm.Sdk.Proxy.dll
		Lib\Microsoft.Xrm.Client.dll = Lib\Microsoft.Xrm.Client.dll
		Lib\Microsoft.Xrm.Sdk.dll = Lib\Microsoft.Xrm.Sdk.dll
		Lib\Microsoft.Xrm.Sdk.Workflow.dll = Lib\Microsoft.Xrm.Sdk.Workflow.dll
	EndProjectSection
EndProject
Project("{FAE04EC0-301F-11D3-BF4B-00C04F79EFBC}") = "JosephM.Xrm.Settings", "JosephM.Xrm.Settings\JosephM.Xrm.Settings.csproj", "{C1680534-FA12-4C76-A7A4-4F1843D7DCC2}"
EndProject
Project("{2150E333-8FDC-42A3-9474-1A3956D46DE8}") = "Solution Items", "Solution Items", "{734B30FD-AC70-4EC3-A61D-64A3FE851377}"
	ProjectSection(SolutionItems) = preProject
		Solution Items\Customisations.xls = Solution Items\Customisations.xls
		Solution Items\JosephMcGregorSettings_unmanaged.zip = Solution Items\JosephMcGregorSettings_unmanaged.zip
	EndProjectSection
EndProject
Project("{FAE04EC0-301F-11D3-BF4B-00C04F79EFBC}") = "JosephM.Xrm.Settings.Test", "JosephM.Xrm.Settings.Test\JosephM.Xrm.Settings.Test.csproj", "{D2DD2587-B577-487B-BF48-6B364D9958BD}"
EndProject
Project("{FAE04EC0-301F-11D3-BF4B-00C04F79EFBC}") = "JosephM.Xrm.Settings.EncryptXrmConfiguration", "JosephM.Xrm.Settings.EncryptXrmConfiguration\JosephM.Xrm.Settings.EncryptXrmConfiguration.csproj", "{EEED9F66-183F-41EA-A07C-14A17C05811F}"
EndProject
Project("{2150E333-8FDC-42A3-9474-1A3956D46DE8}") = "ReadMe", "ReadMe", "{6914AC88-2D91-4A0A-9CC6-E77D542044A5}"
	ProjectSection(SolutionItems) = preProject
		ReadMe\Configuring Test Script.docx = ReadMe\Configuring Test Script.docx
		ReadMe\Solution Details.docx = ReadMe\Solution Details.docx
	EndProjectSection
EndProject
Global
	GlobalSection(SolutionConfigurationPlatforms) = preSolution
		Debug|Any CPU = Debug|Any CPU
		Release|Any CPU = Release|Any CPU
	EndGlobalSection
	GlobalSection(ProjectConfigurationPlatforms) = postSolution
		{C1680534-FA12-4C76-A7A4-4F1843D7DCC2}.Debug|Any CPU.ActiveCfg = Debug|Any CPU
		{C1680534-FA12-4C76-A7A4-4F1843D7DCC2}.Debug|Any CPU.Build.0 = Debug|Any CPU
		{C1680534-FA12-4C76-A7A4-4F1843D7DCC2}.Release|Any CPU.ActiveCfg = Release|Any CPU
		{C1680534-FA12-4C76-A7A4-4F1843D7DCC2}.Release|Any CPU.Build.0 = Release|Any CPU
		{D2DD2587-B577-487B-BF48-6B364D9958BD}.Debug|Any CPU.ActiveCfg = Debug|Any CPU
		{D2DD2587-B577-487B-BF48-6B364D9958BD}.Debug|Any CPU.Build.0 = Debug|Any CPU
		{D2DD2587-B577-487B-BF48-6B364D9958BD}.Release|Any CPU.ActiveCfg = Release|Any CPU
		{D2DD2587-B577-487B-BF48-6B364D9958BD}.Release|Any CPU.Build.0 = Release|Any CPU
		{EEED9F66-183F-41EA-A07C-14A17C05811F}.Debug|Any CPU.ActiveCfg = Debug|Any CPU
		{EEED9F66-183F-41EA-A07C-14A17C05811F}.Debug|Any CPU.Build.0 = Debug|Any CPU
		{EEED9F66-183F-41EA-A07C-14A17C05811F}.Release|Any CPU.ActiveCfg = Release|Any CPU
		{EEED9F66-183F-41EA-A07C-14A17C05811F}.Release|Any CPU.Build.0 = Release|Any CPU
	EndGlobalSection
	GlobalSection(SolutionProperties) = preSolution
		HideSolutionNode = FALSE
	EndGlobalSection
EndGlobal
